
Microsoft Visual Studio Solution File, Format Version 12.00
# Visual Studio Version 17
VisualStudioVersion = 17.0.31912.275
MinimumVisualStudioVersion = 10.0.40219.1
Project("{FAE04EC0-301F-11D3-BF4B-00C04F79EFBC}") = "NBEx3", "NBEx3.csproj", "{E04F266D-6A51-4A07-B0BC-D34991218BF3}"
EndProject
Global
	GlobalSection(SolutionConfigurationPlatforms) = preSolution
		Debug|Any CPU = Debug|Any CPU
		Release|Any CPU = Release|Any CPU
	EndGlobalSection
	GlobalSection(ProjectConfigurationPlatforms) = postSolution
		{E04F266D-6A51-4A07-B0BC-D34991218BF3}.Debug|Any CPU.ActiveCfg = Debug|Any CPU
		{E04F266D-6A51-4A07-B0BC-D34991218BF3}.Debug|Any CPU.Build.0 = Debug|Any CPU
		{E04F266D-6A51-4A07-B0BC-D34991218BF3}.Release|Any CPU.ActiveCfg = Release|Any CPU
		{E04F266D-6A51-4A07-B0BC-D34991218BF3}.Release|Any CPU.Build.0 = Release|Any CPU
	EndGlobalSection
	GlobalSection(SolutionProperties) = preSolution
		HideSolutionNode = FALSE
	EndGlobalSection
	GlobalSection(ExtensibilityGlobals) = postSolution
		SolutionGuid = {5D1CA385-B07D-4687-B610-C4FF43893CCE}
	EndGlobalSection
EndGlobal
